
Microsoft Visual Studio Solution File, Format Version 12.00
# Visual Studio 15
VisualStudioVersion = 15.0.28307.1321
MinimumVisualStudioVersion = 10.0.40219.1
Project("{FAE04EC0-301F-11D3-BF4B-00C04F79EFBC}") = "QSoft.Registry", "QSoft.Reg\QSoft.Registry.csproj", "{AE9B7457-FD1E-4EA5-9B96-C6F74607E477}"
EndProject
Project("{FAE04EC0-301F-11D3-BF4B-00C04F79EFBC}") = "ConsoleApp1", "ConsoleApp1\ConsoleApp1.csproj", "{211BF704-4842-482C-8BE8-12EA858C6714}"
EndProject
Project("{FAE04EC0-301F-11D3-BF4B-00C04F79EFBC}") = "UnitTestProject1", "UnitTestProject1\UnitTestProject1.csproj", "{3055A478-BC07-4973-832D-27234F973206}"
EndProject
Project("{8BC9CEB8-8B4A-11D0-8D11-00A0C91BC942}") = "ConsoleApplication1", "ConsoleApplication1\ConsoleApplication1.vcxproj", "{8C33C8C1-EFA2-482C-8854-23B584438BCA}"
EndProject
Project("{FAE04EC0-301F-11D3-BF4B-00C04F79EFBC}") = "ConsoleApp2", "ConsoleApp2\ConsoleApp2.csproj", "{9E49A427-1A0B-4921-9DFC-D07C6CD93B7C}"
EndProject
Global
	GlobalSection(SolutionConfigurationPlatforms) = preSolution
		Debug|Any CPU = Debug|Any CPU
		Debug|x64 = Debug|x64
		Debug|x86 = Debug|x86
		Release|Any CPU = Release|Any CPU
		Release|x64 = Release|x64
		Release|x86 = Release|x86
	EndGlobalSection
	GlobalSection(ProjectConfigurationPlatforms) = postSolution
		{AE9B7457-FD1E-4EA5-9B96-C6F74607E477}.Debug|Any CPU.ActiveCfg = Debug|Any CPU
		{AE9B7457-FD1E-4EA5-9B96-C6F74607E477}.Debug|Any CPU.Build.0 = Debug|Any CPU
		{AE9B7457-FD1E-4EA5-9B96-C6F74607E477}.Debug|x64.ActiveCfg = Debug|Any CPU
		{AE9B7457-FD1E-4EA5-9B96-C6F74607E477}.Debug|x64.Build.0 = Debug|Any CPU
		{AE9B7457-FD1E-4EA5-9B96-C6F74607E477}.Debug|x86.ActiveCfg = Debug|Any CPU
		{AE9B7457-FD1E-4EA5-9B96-C6F74607E477}.Debug|x86.Build.0 = Debug|Any CPU
		{AE9B7457-FD1E-4EA5-9B96-C6F74607E477}.Release|Any CPU.ActiveCfg = Release|Any CPU
		{AE9B7457-FD1E-4EA5-9B96-C6F74607E477}.Release|Any CPU.Build.0 = Release|Any CPU
		{AE9B7457-FD1E-4EA5-9B96-C6F74607E477}.Release|x64.ActiveCfg = Release|Any CPU
		{AE9B7457-FD1E-4EA5-9B96-C6F74607E477}.Release|x64.Build.0 = Release|Any CPU
		{AE9B7457-FD1E-4EA5-9B96-C6F74607E477}.Release|x86.ActiveCfg = Release|Any CPU
		{AE9B7457-FD1E-4EA5-9B96-C6F74607E477}.Release|x86.Build.0 = Release|Any CPU
		{211BF704-4842-482C-8BE8-12EA858C6714}.Debug|Any CPU.ActiveCfg = Debug|Any CPU
		{211BF704-4842-482C-8BE8-12EA858C6714}.Debug|Any CPU.Build.0 = Debug|Any CPU
		{211BF704-4842-482C-8BE8-12EA858C6714}.Debug|x64.ActiveCfg = Debug|Any CPU
		{211BF704-4842-482C-8BE8-12EA858C6714}.Debug|x64.Build.0 = Debug|Any CPU
		{211BF704-4842-482C-8BE8-12EA858C6714}.Debug|x86.ActiveCfg = Debug|Any CPU
		{211BF704-4842-482C-8BE8-12EA858C6714}.Debug|x86.Build.0 = Debug|Any CPU
		{211BF704-4842-482C-8BE8-12EA858C6714}.Release|Any CPU.ActiveCfg = Release|Any CPU
		{211BF704-4842-482C-8BE8-12EA858C6714}.Release|Any CPU.Build.0 = Release|Any CPU
		{211BF704-4842-482C-8BE8-12EA858C6714}.Release|x64.ActiveCfg = Release|Any CPU
		{211BF704-4842-482C-8BE8-12EA858C6714}.Release|x64.Build.0 = Release|Any CPU
		{211BF704-4842-482C-8BE8-12EA858C6714}.Release|x86.ActiveCfg = Release|Any CPU
		{211BF704-4842-482C-8BE8-12EA858C6714}.Release|x86.Build.0 = Release|Any CPU
		{3055A478-BC07-4973-832D-27234F973206}.Debug|Any CPU.ActiveCfg = Debug|Any CPU
		{3055A478-BC07-4973-832D-27234F973206}.Debug|Any CPU.Build.0 = Debug|Any CPU
		{3055A478-BC07-4973-832D-27234F973206}.Debug|x64.ActiveCfg = Debug|Any CPU
		{3055A478-BC07-4973-832D-27234F973206}.Debug|x64.Build.0 = Debug|Any CPU
		{3055A478-BC07-4973-832D-27234F973206}.Debug|x86.ActiveCfg = Debug|Any CPU
		{3055A478-BC07-4973-832D-27234F973206}.Debug|x86.Build.0 = Debug|Any CPU
		{3055A478-BC07-4973-832D-27234F973206}.Release|Any CPU.ActiveCfg = Release|Any CPU
		{3055A478-BC07-4973-832D-27234F973206}.Release|Any CPU.Build.0 = Release|Any CPU
		{3055A478-BC07-4973-832D-27234F973206}.Release|x64.ActiveCfg = Release|Any CPU
		{3055A478-BC07-4973-832D-27234F973206}.Release|x64.Build.0 = Release|Any CPU
		{3055A478-BC07-4973-832D-27234F973206}.Release|x86.ActiveCfg = Release|Any CPU
		{3055A478-BC07-4973-832D-27234F973206}.Release|x86.Build.0 = Release|Any CPU
		{8C33C8C1-EFA2-482C-8854-23B584438BCA}.Debug|Any CPU.ActiveCfg = Debug|Win32
		{8C33C8C1-EFA2-482C-8854-23B584438BCA}.Debug|x64.ActiveCfg = Debug|x64
		{8C33C8C1-EFA2-482C-8854-23B584438BCA}.Debug|x64.Build.0 = Debug|x64
		{8C33C8C1-EFA2-482C-8854-23B584438BCA}.Debug|x86.ActiveCfg = Debug|Win32
		{8C33C8C1-EFA2-482C-8854-23B584438BCA}.Debug|x86.Build.0 = Debug|Win32
		{8C33C8C1-EFA2-482C-8854-23B584438BCA}.Release|Any CPU.ActiveCfg = Release|Win32
		{8C33C8C1-EFA2-482C-8854-23B584438BCA}.Release|x64.ActiveCfg = Release|x64
		{8C33C8C1-EFA2-482C-8854-23B584438BCA}.Release|x64.Build.0 = Release|x64
		{8C33C8C1-EFA2-482C-8854-23B584438BCA}.Release|x86.ActiveCfg = Release|Win32
		{8C33C8C1-EFA2-482C-8854-23B584438BCA}.Release|x86.Build.0 = Release|Win32
		{9E49A427-1A0B-4921-9DFC-D07C6CD93B7C}.Debug|Any CPU.ActiveCfg = Debug|Any CPU
		{9E49A427-1A0B-4921-9DFC-D07C6CD93B7C}.Debug|Any CPU.Build.0 = Debug|Any CPU
		{9E49A427-1A0B-4921-9DFC-D07C6CD93B7C}.Debug|x64.ActiveCfg = Debug|Any CPU
		{9E49A427-1A0B-4921-9DFC-D07C6CD93B7C}.Debug|x64.Build.0 = Debug|Any CPU
		{9E49A427-1A0B-4921-9DFC-D07C6CD93B7C}.Debug|x86.ActiveCfg = Debug|Any CPU
		{9E49A427-1A0B-4921-9DFC-D07C6CD93B7C}.Debug|x86.Build.0 = Debug|Any CPU
		{9E49A427-1A0B-4921-9DFC-D07C6CD93B7C}.Release|Any CPU.ActiveCfg = Release|Any CPU
		{9E49A427-1A0B-4921-9DFC-D07C6CD93B7C}.Release|Any CPU.Build.0 = Release|Any CPU
		{9E49A427-1A0B-4921-9DFC-D07C6CD93B7C}.Release|x64.ActiveCfg = Release|Any CPU
		{9E49A427-1A0B-4921-9DFC-D07C6CD93B7C}.Release|x64.Build.0 = Release|Any CPU
		{9E49A427-1A0B-4921-9DFC-D07C6CD93B7C}.Release|x86.ActiveCfg = Release|Any CPU
		{9E49A427-1A0B-4921-9DFC-D07C6CD93B7C}.Release|x86.Build.0 = Release|Any CPU
	EndGlobalSection
	GlobalSection(SolutionProperties) = preSolution
		HideSolutionNode = FALSE
	EndGlobalSection
	GlobalSection(ExtensibilityGlobals) = postSolution
		SolutionGuid = {9DA0E439-90A0-41BD-AB02-8D3FC92448E8}
	EndGlobalSection
EndGlobal
